// !$*UTF8*$!
{
	archiveVersion = 1;
	classes = {
	};
	objectVersion = 46;
	objects = {

/* Begin PBXBuildFile section */
		DE7B49AB1F069C32006AF595 /* AppDelegate.swift in Sources */ = {isa = PBXBuildFile; fileRef = DE7B49AA1F069C32006AF595 /* AppDelegate.swift */; };
		DE7B49AD1F069C32006AF595 /* ViewController.swift in Sources */ = {isa = PBXBuildFile; fileRef = DE7B49AC1F069C32006AF595 /* ViewController.swift */; };
		DE7B49B01F069C32006AF595 /* Main.storyboard in Resources */ = {isa = PBXBuildFile; fileRef = DE7B49AE1F069C32006AF595 /* Main.storyboard */; };
		DE7B49B21F069C32006AF595 /* Assets.xcassets in Resources */ = {isa = PBXBuildFile; fileRef = DE7B49B11F069C32006AF595 /* Assets.xcassets */; };
		DE7B49B51F069C32006AF595 /* LaunchScreen.storyboard in Resources */ = {isa = PBXBuildFile; fileRef = DE7B49B31F069C32006AF595 /* LaunchScreen.storyboard */; };
/* End PBXBuildFile section */

/* Begin PBXFileReference section */
		DE7B49A71F069C32006AF595 /* ScrollViewSample.app */ = {isa = PBXFileReference; explicitFileType = wrapper.application; includeInIndex = 0; path = ScrollViewSample.app; sourceTree = BUILT_PRODUCTS_DIR; };
		DE7B49AA1F069C32006AF595 /* AppDelegate.swift */ = {isa = PBXFileReference; lastKnownFileType = sourcecode.swift; path = AppDelegate.swift; sourceTree = "<group>"; };
		DE7B49AC1F069C32006AF595 /* ViewController.swift */ = {isa = PBXFileReference; lastKnownFileType = sourcecode.swift; path = ViewController.swift; sourceTree = "<group>"; };
		DE7B49AF1F069C32006AF595 /* Base */ = {isa = PBXFileReference; lastKnownFileType = file.storyboard; name = Base; path = Base.lproj/Main.storyboard; sourceTree = "<group>"; };
		DE7B49B11F069C32006AF595 /* Assets.xcassets */ = {isa = PBXFileReference; lastKnownFileType = folder.assetcatalog; path = Assets.xcassets; sourceTree = "<group>"; };
		DE7B49B41F069C32006AF595 /* Base */ = {isa = PBXFileReference; lastKnownFileType = file.storyboard; name = Base; path = Base.lproj/LaunchScreen.storyboard; sourceTree = "<group>"; };
		DE7B49B61F069C32006AF595 /* Info.plist */ = {isa = PBXFileReference; lastKnownFileType = text.plist.xml; path = Info.plist; sourceTree = "<group>"; };
/* End PBXFileReference section */

/* Begin PBXFrameworksBuildPhase section */
		DE7B49A41F069C32006AF595 /* Frameworks */ = {
			isa = PBXFrameworksBuildPhase;
			buildActionMask = 2147483647;
			files = (
			);
			runOnlyForDeploymentPostprocessing = 0;
		};
/* End PBXFrameworksBuildPhase section */

/* Begin PBXGroup section */
		DE7B499E1F069C32006AF595 = {
			isa = PBXGroup;
			children = (
				DE7B49A91F069C32006AF595 /* ScrollViewSample */,
				DE7B49A81F069C32006AF595 /* Products */,
			);
			sourceTree = "<group>";
		};
		DE7B49A81F069C32006AF595 /* Products */ = {
			isa = PBXGroup;
			children = (
				DE7B49A71F069C32006AF595 /* ScrollViewSample.app */,
			);
			name = Products;
			sourceTree = "<group>";
		};
		DE7B49A91F069C32006AF595 /* ScrollViewSample */ = {
			isa = PBXGroup;
			children = (
				DE7B49AA1F069C32006AF595 /* AppDelegate.swift */,
				DE7B49AC1F069C32006AF595 /* ViewController.swift */,
				DE7B49AE1F069C32006AF595 /* Main.storyboard */,
				DE7B49B11F069C32006AF595 /* Assets.xcassets */,
				DE7B49B31F069C32006AF595 /* LaunchScreen.storyboard */,
				DE7B49B61F069C32006AF595 /* Info.plist */,
			);
			path = ScrollViewSample;
			sourceTree = "<group>";
		};
/* End PBXGroup section */

/* Begin PBXNativeTarget section */
		DE7B49A61F069C32006AF595 /* ScrollViewSample */ = {
			isa = PBXNativeTarget;
			buildConfigurationList = DE7B49B91F069C32006AF595 /* Build configuration list for PBXNativeTarget "ScrollViewSample" */;
			buildPhases = (
				DE7B49A31F069C32006AF595 /* Sources */,
				DE7B49A41F069C32006AF595 /* Frameworks */,
				DE7B49A51F069C32006AF595 /* Resources */,
			);
			buildRules = (
			);
			dependencies = (
			);
			name = ScrollViewSample;
			productName = ScrollViewSample;
			productReference = DE7B49A71F069C32006AF595 /* ScrollViewSample.app */;
			productType = "com.apple.product-type.application";
		};
/* End PBXNativeTarget section */

/* Begin PBXProject section */
		DE7B499F1F069C32006AF595 /* Project object */ = {
			isa = PBXProject;
			attributes = {
				LastSwiftUpdateCheck = 0830;
				LastUpgradeCheck = 0830;
				ORGANIZATIONNAME = "Tran Minh Tuan";
				TargetAttributes = {
					DE7B49A61F069C32006AF595 = {
						CreatedOnToolsVersion = 8.3.3;
						ProvisioningStyle = Automatic;
					};
				};
			};
			buildConfigurationList = DE7B49A21F069C32006AF595 /* Build configuration list for PBXProject "ScrollViewSample" */;
			compatibilityVersion = "Xcode 3.2";
			developmentRegion = English;
			hasScannedForEncodings = 0;
			knownRegions = (
				en,
				Base,
			);
			mainGroup = DE7B499E1F069C32006AF595;
			productRefGroup = DE7B49A81F069C32006AF595 /* Products */;
			projectDirPath = "";
			projectRoot = "";
			targets = (
				DE7B49A61F069C32006AF595 /* ScrollViewSample */,
			);
		};
/* End PBXProject section */

/* Begin PBXResourcesBuildPhase section */
		DE7B49A51F069C32006AF595 /* Resources */ = {
			isa = PBXResourcesBuildPhase;
			buildActionMask = 2147483647;
			files = (
				DE7B49B51F069C32006AF595 /* LaunchScreen.storyboard in Resources */,
				DE7B49B21F069C32006AF595 /* Assets.xcassets in Resources */,
				DE7B49B01F069C32006AF595 /* Main.storyboard in Resources */,
			);
			runOnlyForDeploymentPostprocessing = 0;
		};
/* End PBXResourcesBuildPhase section */

/* Begin PBXSourcesBuildPhase section */
		DE7B49A31F069C32006AF595 /* Sources */ = {
			isa = PBXSourcesBuildPhase;
			buildActionMask = 2147483647;
			files = (
				DE7B49AD1F069C32006AF595 /* ViewController.swift in Sources */,
				DE7B49AB1F069C32006AF595 /* AppDelegate.swift in Sources */,
			);
			runOnlyForDeploymentPostprocessing = 0;
		};
/* End PBXSourcesBuildPhase section */

/* Begin PBXVariantGroup section */
		DE7B49AE1F069C32006AF595 /* Main.storyboard */ = {
			isa = PBXVariantGroup;
			children = (
				DE7B49AF1F069C32006AF595 /* Base */,
			);
			name = Main.storyboard;
			sourceTree = "<group>";
		};
		DE7B49B31F069C32006AF595 /* LaunchScreen.storyboard */ = {
			isa = PBXVariantGroup;
			children = (
				DE7B49B41F069C32006AF595 /* Base */,
			);
			name = LaunchScreen.storyboard;
			sourceTree = "<group>";
		};
/* End PBXVariantGroup section */

/* Begin XCBuildConfiguration section */
		DE7B49B71F069C32006AF595 /* Debug */ = {
			isa = XCBuildConfiguration;
			buildSettings = {
				ALWAYS_SEARCH_USER_PATHS = NO;
				CLANG_ANALYZER_NONNULL = YES;
				CLANG_ANALYZER_NUMBER_OBJECT_CONVERSION = YES_AGGRESSIVE;
				CLANG_CXX_LANGUAGE_STANDARD = "gnu++0x";
				CLANG_CXX_LIBRARY = "libc++";
				CLANG_ENABLE_MODULES = YES;
				CLANG_ENABLE_OBJC_ARC = YES;
				CLANG_WARN_BOOL_CONVERSION = YES;
				CLANG_WARN_CONSTANT_CONVERSION = YES;
				CLANG_WARN_DIRECT_OBJC_ISA_USAGE = YES_ERROR;
				CLANG_WARN_DOCUMENTATION_COMMENTS = YES;
				CLANG_WARN_EMPTY_BODY = YES;
				CLANG_WARN_ENUM_CONVERSION = YES;
				CLANG_WARN_INFINITE_RECURSION = YES;
				CLANG_WARN_INT_CONVERSION = YES;
				CLANG_WARN_OBJC_ROOT_CLASS = YES_ERROR;
				CLANG_WARN_SUSPICIOUS_MOVE = YES;
				CLANG_WARN_UNREACHABLE_CODE = YES;
				CLANG_WARN__DUPLICATE_METHOD_MATCH = YES;
				"CODE_SIGN_IDENTITY[sdk=iphoneos*]" = "iPhone Developer";
				COPY_PHASE_STRIP = NO;
				DEBUG_INFORMATION_FORMAT = dwarf;
				ENABLE_STRICT_OBJC_MSGSEND = YES;
				ENABLE_TESTABILITY = YES;
				GCC_C_LANGUAGE_STANDARD = gnu99;
				GCC_DYNAMIC_NO_PIC = NO;
				GCC_NO_COMMON_BLOCKS = YES;
				GCC_OPTIMIZATION_LEVEL = 0;
				GCC_PREPROCESSOR_DEFINITIONS = (
					"DEBUG=1",
					"$(inherited)",
				);
				GCC_WARN_64_TO_32_BIT_CONVERSION = YES;
				GCC_WARN_ABOUT_RETURN_TYPE = YES_ERROR;
				GCC_WARN_UNDECLARED_SELECTOR = YES;
				GCC_WARN_UNINITIALIZED_AUTOS = YES_AGGRESSIVE;
				GCC_WARN_UNUSED_FUNCTION = YES;
				GCC_WARN_UNUSED_VARIABLE = YES;
				IPHONEOS_DEPLOYMENT_TARGET = 10.3;
				MTL_ENABLE_DEBUG_INFO = YES;
				ONLY_ACTIVE_ARCH = YES;
				SDKROOT = iphoneos;
				SWIFT_ACTIVE_COMPILATION_CONDITIONS = DEBUG;
				SWIFT_OPTIMIZATION_LEVEL = "-Onone";
			};
			name = Debug;
		};
		DE7B49B81F069C32006AF595 /* Release */ = {
			isa = XCBuildConfiguration;
			buildSettings = {
				ALWAYS_SEARCH_USER_PATHS = NO;
				CLANG_ANALYZER_NONNULL = YES;
				CLANG_ANALYZER_NUMBER_OBJECT_CONVERSION = YES_AGGRESSIVE;
				CLANG_CXX_LANGUAGE_STANDARD = "gnu++0x";
				CLANG_CXX_LIBRARY = "libc++";
				CLANG_ENABLE_MODULES = YES;
				CLANG_ENABLE_OBJC_ARC = YES;
				CLANG_WARN_BOOL_CONVERSION = YES;
				CLANG_WARN_CONSTANT_CONVERSION = YES;
				CLANG_WARN_DIRECT_OBJC_ISA_USAGE = YES_ERROR;
				CLANG_WARN_DOCUMENTATION_COMMENTS = YES;
				CLANG_WARN_EMPTY_BODY = YES;
				CLANG_WARN_ENUM_CONVERSION = YES;
				CLANG_WARN_INFINITE_RECURSION = YES;
				CLANG_WARN_INT_CONVERSION = YES;
				CLANG_WARN_OBJC_ROOT_CLASS = YES_ERROR;
				CLANG_WARN_SUSPICIOUS_MOVE = YES;
				CLANG_WARN_UNREACHABLE_CODE = YES;
				CLANG_WARN__DUPLICATE_METHOD_MATCH = YES;
				"CODE_SIGN_IDENTITY[sdk=iphoneos*]" = "iPhone Developer";
				COPY_PHASE_STRIP = NO;
				DEBUG_INFORMATION_FORMAT = "dwarf-with-dsym";
				ENABLE_NS_ASSERTIONS = NO;
				ENABLE_STRICT_OBJC_MSGSEND = YES;
				GCC_C_LANGUAGE_STANDARD = gnu99;
				GCC_NO_COMMON_BLOCKS = YES;
				GCC_WARN_64_TO_32_BIT_CONVERSION = YES;
				GCC_WARN_ABOUT_RETURN_TYPE = YES_ERROR;
				GCC_WARN_UNDECLARED_SELECTOR = YES;
				GCC_WARN_UNINITIALIZED_AUTOS = YES_AGGRESSIVE;
				GCC_WARN_UNUSED_FUNCTION = YES;
				GCC_WARN_UNUSED_VARIABLE = YES;
				IPHONEOS_DEPLOYMENT_TARGET = 10.3;
				MTL_ENABLE_DEBUG_INFO = NO;
				SDKROOT = iphoneos;
				SWIFT_OPTIMIZATION_LEVEL = "-Owholemodule";
				VALIDATE_PRODUCT = YES;
			};
			name = Release;
		};
		DE7B49BA1F069C32006AF595 /* Debug */ = {
			isa = XCBuildConfiguration;
			buildSettings = {
				ASSETCATALOG_COMPILER_APPICON_NAME = AppIcon;
				INFOPLIST_FILE = ScrollViewSample/Info.plist;
				LD_RUNPATH_SEARCH_PATHS = "$(inherited) @executable_path/Frameworks";
				PRODUCT_BUNDLE_IDENTIFIER = gyza.vn.ScrollViewSample;
				PRODUCT_NAME = "$(TARGET_NAME)";
				SWIFT_VERSION = 3.0;
			};
			name = Debug;
		};
		DE7B49BB1F069C32006AF595 /* Release */ = {
			isa = XCBuildConfiguration;
			buildSettings = {
				ASSETCATALOG_COMPILER_APPICON_NAME = AppIcon;
				INFOPLIST_FILE = ScrollViewSample/Info.plist;
				LD_RUNPATH_SEARCH_PATHS = "$(inherited) @executable_path/Frameworks";
				PRODUCT_BUNDLE_IDENTIFIER = gyza.vn.ScrollViewSample;
				PRODUCT_NAME = "$(TARGET_NAME)";
				SWIFT_VERSION = 3.0;
			};
			name = Release;
		};
/* End XCBuildConfiguration section */

/* Begin XCConfigurationList section */
		DE7B49A21F069C32006AF595 /* Build configuration list for PBXProject "ScrollViewSample" */ = {
			isa = XCConfigurationList;
			buildConfigurations = (
				DE7B49B71F069C32006AF595 /* Debug */,
				DE7B49B81F069C32006AF595 /* Release */,
			);
			defaultConfigurationIsVisible = 0;
			defaultConfigurationName = Release;
		};
		DE7B49B91F069C32006AF595 /* Build configuration list for PBXNativeTarget "ScrollViewSample" */ = {
			isa = XCConfigurationList;
			buildConfigurations = (
				DE7B49BA1F069C32006AF595 /* Debug */,
				DE7B49BB1F069C32006AF595 /* Release */,
			);
			defaultConfigurationIsVisible = 0;
		};
/* End XCConfigurationList section */
	};
	rootObject = DE7B499F1F069C32006AF595 /* Project object */;
}
